
Microsoft Visual Studio Solution File, Format Version 12.00
# Visual Studio Version 16
VisualStudioVersion = 16.0.30330.147
MinimumVisualStudioVersion = 10.0.40219.1
Project("{6EC3EE1D-3C4E-46DD-8F32-0CC8E7565705}") = "WebSocketClient", "WebsocketClient.fsproj", "{3D062AE8-36AF-476F-9F27-93D92C397379}"
EndProject
Global
	GlobalSection(SolutionConfigurationPlatforms) = preSolution
		Debug|Any CPU = Debug|Any CPU
		Release|Any CPU = Release|Any CPU
	EndGlobalSection
	GlobalSection(ProjectConfigurationPlatforms) = postSolution
		{3D062AE8-36AF-476F-9F27-93D92C397379}.Debug|Any CPU.ActiveCfg = Debug|Any CPU
		{3D062AE8-36AF-476F-9F27-93D92C397379}.Debug|Any CPU.Build.0 = Debug|Any CPU
		{3D062AE8-36AF-476F-9F27-93D92C397379}.Release|Any CPU.ActiveCfg = Release|Any CPU
		{3D062AE8-36AF-476F-9F27-93D92C397379}.Release|Any CPU.Build.0 = Release|Any CPU
	EndGlobalSection
	GlobalSection(SolutionProperties) = preSolution
		HideSolutionNode = FALSE
	EndGlobalSection
	GlobalSection(ExtensibilityGlobals) = postSolution
		SolutionGuid = {BE2D2BAD-3001-46F8-A3EA-6B506B126F34}
	EndGlobalSection
EndGlobal
